<?xml version="1.0" encoding="utf-8"?>
<Project ToolsVersion="4.0" xmlns="http://schemas.microsoft.com/developer/msbuild/2003">
  <ItemGroup>
    <Filter Include="Source">
      <UniqueIdentifier>{d9e0643d-0144-41d0-9a90-8fadd99411c7}</UniqueIdentifier>
    </Filter>
    <Filter Include="Source\Application">
      <UniqueIdentifier>{2c5a23d4-b34d-4453-ae7b-4cc7d7197bf8}</UniqueIdentifier>
    </Filter>
    <Filter Include="Source\Framework">
      <UniqueIdentifier>{642edde5-5a2b-4090-aba3-432e9bbb6179}</UniqueIdentifier>
    </Filter>
    <Filter Include="Source\Framework\Utility">
      <UniqueIdentifier>{adc4db7f-008a-41a6-bba1-a330971bab10}</UniqueIdentifier>
    </Filter>
    <Filter Include="Source\Framework\Utility\Singleton">
      <UniqueIdentifier>{8a209c0a-d592-4cc1-a83a-3841a0b343e6}</UniqueIdentifier>
    </Filter>
    <Filter Include="Dosuments">
      <UniqueIdentifier>{26a88736-694e-4bb9-821b-75ed16843981}</UniqueIdentifier>
    </Filter>
    <Filter Include="Source\Framework\Window">
      <UniqueIdentifier>{0e0dd845-13ee-4da9-aa88-52183b1c7e7d}</UniqueIdentifier>
    </Filter>
    <Filter Include="Source\Framework\TypeINFO">
      <UniqueIdentifier>{3d2745cc-4d7e-44ce-9046-4937c00977f4}</UniqueIdentifier>
    </Filter>
    <Filter Include="Source\Framework\TypeINFO\StaticTypeID">
      <UniqueIdentifier>{2988603d-13b3-4019-8ab6-9134a66babe4}</UniqueIdentifier>
    </Filter>
    <Filter Include="Source\Framework\Definition">
      <UniqueIdentifier>{32051aa8-1614-4369-ab89-2da6004d95cc}</UniqueIdentifier>
    </Filter>
    <Filter Include="Source\Framework\Definition\Macros">
      <UniqueIdentifier>{ca97f1c7-6d4f-418a-a41d-18375048434f}</UniqueIdentifier>
    </Filter>
    <Filter Include="Source\Framework\TypeINFO\Definition">
      <UniqueIdentifier>{5e945844-edeb-489c-8789-40cc5a819631}</UniqueIdentifier>
    </Filter>
    <Filter Include="Source\Framework\TypeINFO\Definition\Constant">
      <UniqueIdentifier>{7a68b3e4-b2d5-47bc-ada2-9e6a66ea3955}</UniqueIdentifier>
    </Filter>
    <Filter Include="Source\Framework\TypeINFO\Definition\Type">
      <UniqueIdentifier>{4bf0c0be-df32-4101-aa3b-c4eb0b6c2ec6}</UniqueIdentifier>
    </Filter>
    <Filter Include="Source\Framework\TypeINFO\Definition\Struct">
      <UniqueIdentifier>{3a2b6181-6b4a-4f04-bff2-af485dcb54dd}</UniqueIdentifier>
    </Filter>
    <Filter Include="Source\Framework\TypeINFO\Registry">
      <UniqueIdentifier>{02620fa5-941a-4dc6-bb35-00128b908027}</UniqueIdentifier>
    </Filter>
    <Filter Include="Source\Framework\Definition\Struct">
      <UniqueIdentifier>{23b5f760-7689-45d8-b2de-0fb0bdde4db8}</UniqueIdentifier>
    </Filter>
    <Filter Include="Source\Framework\TypeINFO\Definition\Macros">
      <UniqueIdentifier>{7562f8c2-dd4d-4d77-bc99-63ecca56053f}</UniqueIdentifier>
    </Filter>
    <Filter Include="Source\Framework\Window\Definition">
      <UniqueIdentifier>{535f365e-6f68-4d07-8fcf-b844cbbacbb8}</UniqueIdentifier>
    </Filter>
    <Filter Include="Source\Framework\Window\Definition\Struct">
      <UniqueIdentifier>{7868d4e2-320f-49eb-aac9-c8ab578be29b}</UniqueIdentifier>
    </Filter>
    <Filter Include="Source\Framework\Window\Definition\Constant">
      <UniqueIdentifier>{2f1aa13f-6c65-4602-8ab2-6b0b9d54a7fe}</UniqueIdentifier>
    </Filter>
    <Filter Include="Source\Framework\Utility\String">
      <UniqueIdentifier>{9c5655da-ab0e-4def-a416-d5c5c0e1400d}</UniqueIdentifier>
    </Filter>
    <Filter Include="Source\Framework\Utility\String\Definition">
      <UniqueIdentifier>{7a74e7eb-1839-48cb-a912-f1816a0c5c22}</UniqueIdentifier>
    </Filter>
    <Filter Include="Source\Framework\Utility\String\Definition\Constant">
      <UniqueIdentifier>{1f778f08-f08a-47b0-9238-c1648cd0bc5c}</UniqueIdentifier>
    </Filter>
    <Filter Include="Source\Framework\Definition\Concept">
      <UniqueIdentifier>{719847fc-4732-4a83-909d-7d1d8850c4c5}</UniqueIdentifier>
    </Filter>
    <Filter Include="Source\Framework\Window\Converter">
      <UniqueIdentifier>{bafa8b3c-5e41-408b-af2a-3fd530cc19aa}</UniqueIdentifier>
    </Filter>
    <Filter Include="Source\Framework\Window\Converter\Json">
      <UniqueIdentifier>{d51764b8-2378-4633-9a2c-367dbd814672}</UniqueIdentifier>
    </Filter>
    <Filter Include="Source\Framework\Utility\Json">
      <UniqueIdentifier>{e54deec9-c939-416e-b77b-e6579b28148a}</UniqueIdentifier>
    </Filter>
    <Filter Include="Source\Framework\Utility\File">
      <UniqueIdentifier>{b825293d-1bd3-4c0d-9166-e4734a992335}</UniqueIdentifier>
    </Filter>
    <Filter Include="Source\Framework\Utility\File\Definition">
      <UniqueIdentifier>{e56308b9-1b88-48c2-a10f-b4e5d31c536d}</UniqueIdentifier>
    </Filter>
    <Filter Include="Source\Framework\Utility\File\Definition\Constant">
      <UniqueIdentifier>{32952e7e-a3b1-4f73-ab9d-3990d4ab54dd}</UniqueIdentifier>
    </Filter>
    <Filter Include="Asset">
      <UniqueIdentifier>{bb277239-a5ec-498d-94e8-e04cbe3527da}</UniqueIdentifier>
    </Filter>
    <Filter Include="Asset\Data">
      <UniqueIdentifier>{4c832376-7c87-4143-9ae3-ccde73b9e848}</UniqueIdentifier>
    </Filter>
    <Filter Include="Asset\Data\CONFIG">
      <UniqueIdentifier>{beb37171-8f90-4dc3-afbe-5bb3e544476c}</UniqueIdentifier>
    </Filter>
    <Filter Include="Asset\Data\CONFIG\Window">
      <UniqueIdentifier>{4c4df80a-747f-4282-8cbb-3c6b36c1bf8a}</UniqueIdentifier>
    </Filter>
    <Filter Include="Source\Framework\TypeINFO\Definition\Type\Alias">
      <UniqueIdentifier>{623c78fc-df27-4159-a9ae-3efab7351365}</UniqueIdentifier>
    </Filter>
    <Filter Include="Source\Framework\FPS">
      <UniqueIdentifier>{be086221-6464-4dda-9b85-9366046ac573}</UniqueIdentifier>
    </Filter>
    <Filter Include="Source\Framework\FPS\Converter">
      <UniqueIdentifier>{4297238c-ecc9-4c61-9ae9-50e1e97386f5}</UniqueIdentifier>
    </Filter>
    <Filter Include="Source\Framework\FPS\Converter\Json">
      <UniqueIdentifier>{a2d55ca2-d99a-4928-a0ab-59d0c22947b7}</UniqueIdentifier>
    </Filter>
    <Filter Include="Asset\Data\CONFIG\FPS">
      <UniqueIdentifier>{dd960a41-4700-475b-84c2-da5295a5e977}</UniqueIdentifier>
    </Filter>
    <Filter Include="Source\Framework\Graphics">
      <UniqueIdentifier>{08958517-a60f-4f12-a6da-0da0e7d396dc}</UniqueIdentifier>
    </Filter>
    <Filter Include="Source\Framework\Graphics\Definition">
      <UniqueIdentifier>{6d04e9c4-3134-4771-8697-0a80a579186c}</UniqueIdentifier>
    </Filter>
    <Filter Include="Source\Framework\Graphics\Definition\Type">
      <UniqueIdentifier>{93d2d352-75d7-447f-b895-20967438d3e1}</UniqueIdentifier>
    </Filter>
    <Filter Include="Source\Framework\Graphics\Definition\Type\Alias">
      <UniqueIdentifier>{2efd8b22-a34e-40d6-a8ec-43b8e6fc638e}</UniqueIdentifier>
    </Filter>
    <Filter Include="Source\Framework\Graphics\Hardware">
      <UniqueIdentifier>{fed15afe-7e72-4503-b11c-b36825672938}</UniqueIdentifier>
    </Filter>
    <Filter Include="Source\Framework\Graphics\Resource">
      <UniqueIdentifier>{f66a00a8-3c8c-408f-aa3a-32de68bbe7a5}</UniqueIdentifier>
    </Filter>
    <Filter Include="Source\Framework\Graphics\Resource\Descriptor">
      <UniqueIdentifier>{d23b5101-1ece-4da0-9520-b980ae5a241e}</UniqueIdentifier>
    </Filter>
    <Filter Include="Source\Framework\Graphics\Resource\Descriptor\Heap">
      <UniqueIdentifier>{90475c31-da91-4dd4-99aa-595b7b6cffe6}</UniqueIdentifier>
    </Filter>
    <Filter Include="Source\Framework\Graphics\Resource\Descriptor\Heap\Definition">
      <UniqueIdentifier>{4be7af8c-27ea-4252-9f05-8aec40188f76}</UniqueIdentifier>
    </Filter>
    <Filter Include="Source\Framework\Graphics\Resource\Descriptor\Heap\Definition\Constant">
      <UniqueIdentifier>{9151d8f7-ed82-4b69-b97f-4a9a8f065a6a}</UniqueIdentifier>
    </Filter>
    <Filter Include="Source\Framework\Graphics\Command">
      <UniqueIdentifier>{f0b4954f-3e21-470f-9488-cbd6dd668951}</UniqueIdentifier>
    </Filter>
    <Filter Include="Source\Framework\Graphics\Command\Allocator">
      <UniqueIdentifier>{677889cb-e5e4-4f5d-bd9d-6acd59635a87}</UniqueIdentifier>
    </Filter>
    <Filter Include="Source\Framework\Graphics\Command\List">
      <UniqueIdentifier>{2d58cc9d-286f-4054-ad60-090d916a165c}</UniqueIdentifier>
    </Filter>
    <Filter Include="Source\Framework\Graphics\Command\Queue">
      <UniqueIdentifier>{a31c75e2-116f-4508-b54e-737c96eb68d8}</UniqueIdentifier>
    </Filter>
    <Filter Include="Source\Framework\Graphics\Definition\Constant">
      <UniqueIdentifier>{7196312f-a2a0-433d-b914-519a21c93c56}</UniqueIdentifier>
    </Filter>
    <Filter Include="Source\Framework\Graphics\Command\Queue\Fence">
      <UniqueIdentifier>{de158b0e-5cd4-4920-923e-a8b7f570f1b3}</UniqueIdentifier>
    </Filter>
    <Filter Include="Source\Framework\Graphics\Render">
      <UniqueIdentifier>{f2ee5fc1-9769-4c18-b2cd-c6e6f3038211}</UniqueIdentifier>
    </Filter>
    <Filter Include="Source\Framework\Graphics\Render\Frame">
      <UniqueIdentifier>{466bba3f-c7f9-497c-b49c-dfa673437919}</UniqueIdentifier>
    </Filter>
    <Filter Include="Asset\Data\CONFIG\Graphics">
      <UniqueIdentifier>{e18462ed-db78-455b-ad0c-6b74cdccc63b}</UniqueIdentifier>
    </Filter>
    <Filter Include="Source\Framework\Graphics\Converter">
      <UniqueIdentifier>{441b762c-80d0-44fc-a3c0-d58d86fcf2d1}</UniqueIdentifier>
    </Filter>
    <Filter Include="Source\Framework\Graphics\Converter\Json">
      <UniqueIdentifier>{7569ca62-efdf-4940-8ab9-fbe625e1c363}</UniqueIdentifier>
    </Filter>
    <Filter Include="Source\Framework\Graphics\Render\Converter">
      <UniqueIdentifier>{e0b82556-de07-4aea-b043-59e2dd320fea}</UniqueIdentifier>
    </Filter>
    <Filter Include="Source\Framework\Graphics\Render\Converter\Json">
      <UniqueIdentifier>{486de42d-0071-4df7-ae09-77e945f9dff4}</UniqueIdentifier>
    </Filter>
    <Filter Include="Source\Framework\Graphics\Resource\Descriptor\Heap\Allocator">
      <UniqueIdentifier>{fedb1182-1eb3-4196-a6da-369515a67f7e}</UniqueIdentifier>
    </Filter>
    <Filter Include="Source\Framework\Graphics\Resource\Descriptor\Heap\Allocator\Converter">
      <UniqueIdentifier>{81e1848c-057c-4e71-9325-d08f41cb4a36}</UniqueIdentifier>
    </Filter>
    <Filter Include="Source\Framework\Graphics\Resource\Descriptor\Heap\Allocator\Converter\Json">
      <UniqueIdentifier>{359a66c8-f51e-4d53-a8dc-29fd2f2183c1}</UniqueIdentifier>
    </Filter>
    <Filter Include="Source\Framework\Graphics\Resource\Descriptor\Converter">
      <UniqueIdentifier>{8804748e-0e9d-4a16-af81-f2ca1ae2d52a}</UniqueIdentifier>
    </Filter>
    <Filter Include="Source\Framework\Graphics\Resource\Descriptor\Converter\Json">
      <UniqueIdentifier>{ad0800f2-51a1-4e1d-8821-c7eb24f9c29b}</UniqueIdentifier>
    </Filter>
    <Filter Include="Source\Framework\Graphics\Resource\Converter">
      <UniqueIdentifier>{65b77c1b-8b49-4435-b36a-20f70bbabc3a}</UniqueIdentifier>
    </Filter>
    <Filter Include="Source\Framework\Graphics\Resource\Converter\Json">
      <UniqueIdentifier>{74ae3085-08e0-407b-b974-e71111e6f0e1}</UniqueIdentifier>
    </Filter>
    <Filter Include="Source\Framework\Graphics\Render\SwapChain">
      <UniqueIdentifier>{45ffbd18-01aa-44c1-ae16-5e687d026f38}</UniqueIdentifier>
    </Filter>
    <Filter Include="Source\Framework\Graphics\Render\SwapChain\Definition">
      <UniqueIdentifier>{87b57aa7-b577-4e01-8eac-c199c4cb5efc}</UniqueIdentifier>
    </Filter>
    <Filter Include="Source\Framework\Graphics\Render\SwapChain\Definition\Struct">
      <UniqueIdentifier>{a76b834b-d2de-4f0b-8c26-1d769cf97795}</UniqueIdentifier>
    </Filter>
    <Filter Include="Source\Framework\Graphics\Render\SwapChain\Converter">
      <UniqueIdentifier>{c1ab6510-68a2-4362-afb8-7ac59a5ea8b1}</UniqueIdentifier>
    </Filter>
    <Filter Include="Source\Framework\Graphics\Render\SwapChain\Converter\Json">
      <UniqueIdentifier>{9cb42404-0610-420b-a708-4a785f67d199}</UniqueIdentifier>
    </Filter>
    <Filter Include="Source\Framework\Graphics\Resource\Definition">
      <UniqueIdentifier>{dfd259d7-6f5e-41cc-aaec-b5afd0e882a2}</UniqueIdentifier>
    </Filter>
    <Filter Include="Source\Framework\Graphics\Render\Graph">
      <UniqueIdentifier>{ec4b0f48-d3a0-44df-8865-cfb617ac6a74}</UniqueIdentifier>
    </Filter>
    <Filter Include="Source\Framework\Definition\Type">
      <UniqueIdentifier>{182ff4f2-dcc5-4c18-8498-f4bea0bb2775}</UniqueIdentifier>
    </Filter>
    <Filter Include="Source\Framework\Definition\Type\Alias">
      <UniqueIdentifier>{fda36f64-1351-49f7-87c7-778739746ad2}</UniqueIdentifier>
    </Filter>
    <Filter Include="Source\Framework\Definition\Macros\Assert">
      <UniqueIdentifier>{c3b4633a-c469-4d73-972c-bbf7552b5694}</UniqueIdentifier>
    </Filter>
    <Filter Include="Source\Framework\Definition\Macros\Json">
      <UniqueIdentifier>{5990b46b-05c5-43a7-ad5d-76dfd50faea9}</UniqueIdentifier>
    </Filter>
    <Filter Include="Source\Framework\Window\Definition\Enum">
      <UniqueIdentifier>{d6b0b557-7c82-415b-b06a-55ed0286ecc1}</UniqueIdentifier>
    </Filter>
    <Filter Include="Source\Framework\Definition\Enum">
      <UniqueIdentifier>{464994bf-cbc3-4611-b86e-03e2523b06be}</UniqueIdentifier>
    </Filter>
    <Filter Include="Source\Framework\Definition\Enum\Type">
      <UniqueIdentifier>{35de71d3-763e-4c76-8ea7-4bae42a84835}</UniqueIdentifier>
    </Filter>
    <Filter Include="Source\Framework\Definition\Enum\Type\Trait">
      <UniqueIdentifier>{8a0295dc-c517-476a-aa3b-761b69e8ee52}</UniqueIdentifier>
    </Filter>
    <Filter Include="Source\Framework\Definition\Enum\Type\Trait\PTR">
      <UniqueIdentifier>{d57d6fa7-f38e-4e82-bfd9-2510876d4304}</UniqueIdentifier>
    </Filter>
    <Filter Include="Source\Framework\Definition\Concept\IsDerivedBase">
      <UniqueIdentifier>{38955f26-de9d-4400-b6ff-9661311ed048}</UniqueIdentifier>
    </Filter>
    <Filter Include="Source\Framework\Definition\Concept\IsSmartPTR">
      <UniqueIdentifier>{53032c41-9466-474e-ba39-d1920eb5c80a}</UniqueIdentifier>
    </Filter>
    <Filter Include="Source\Framework\Definition\Type\Trait">
      <UniqueIdentifier>{f2ec1a80-2608-42d9-a0d3-d41910919923}</UniqueIdentifier>
    </Filter>
    <Filter Include="Source\Framework\Definition\Type\Trait\PTR">
      <UniqueIdentifier>{bf0e4e8e-85b0-42e6-886d-e146d397bb8f}</UniqueIdentifier>
    </Filter>
    <Filter Include="Source\Framework\Factory">
      <UniqueIdentifier>{4d88026e-0e11-4364-9644-f8eec155a2e3}</UniqueIdentifier>
    </Filter>
    <Filter Include="Source\Framework\Factory\Definition">
      <UniqueIdentifier>{f26899e3-1aa4-456a-9ef1-7a3b39d32457}</UniqueIdentifier>
    </Filter>
    <Filter Include="Source\Framework\Factory\Definition\Macros">
      <UniqueIdentifier>{a4fc2425-1d91-408a-9944-71fee1028032}</UniqueIdentifier>
    </Filter>
    <Filter Include="Source\Framework\Graphics\Resource\Texture">
      <UniqueIdentifier>{424550c7-e4f4-446b-a428-079cbb33cc4c}</UniqueIdentifier>
    </Filter>
    <Filter Include="Source\Framework\Graphics\Resource\Texture\Loader">
      <UniqueIdentifier>{654dfc4b-40ce-40e5-8cca-619d7c0406a0}</UniqueIdentifier>
    </Filter>
    <Filter Include="Source\Framework\Definition\Constant">
      <UniqueIdentifier>{c5824a3b-43a4-4f30-be19-a231cc96d8a7}</UniqueIdentifier>
    </Filter>
    <Filter Include="Source\Framework\Converter">
      <UniqueIdentifier>{a6a6d22e-e907-42f8-8393-fe6652e3ae9c}</UniqueIdentifier>
    </Filter>
    <Filter Include="Source\Framework\Converter\Binary">
      <UniqueIdentifier>{a14a36c2-09a4-41f4-b1a7-bb2346cc85e5}</UniqueIdentifier>
    </Filter>
    <Filter Include="Source\Framework\Graphics\Render\Command">
      <UniqueIdentifier>{f4a990a6-8246-4578-b209-a8365dedac15}</UniqueIdentifier>
    </Filter>
    <Filter Include="Source\Framework\Graphics\Render\Command\List">
      <UniqueIdentifier>{3b3c1f17-b718-40b5-8912-670a593567c5}</UniqueIdentifier>
    </Filter>
    <Filter Include="Source\Framework\Graphics\Render\Command\Queue">
      <UniqueIdentifier>{7e00ef36-367e-47c5-9ceb-e930254ec329}</UniqueIdentifier>
    </Filter>
    <Filter Include="Source\Framework\Graphics\Resource\Texture\Loader\Converter">
      <UniqueIdentifier>{69b828bf-24f1-4bbc-b0c7-ce3b9d6d44d6}</UniqueIdentifier>
    </Filter>
    <Filter Include="Source\Framework\Graphics\Resource\Texture\Loader\Converter\Binary">
      <UniqueIdentifier>{761acab9-6914-47a5-8122-47f4dbf6a0e1}</UniqueIdentifier>
    </Filter>
    <Filter Include="Source\Framework\Definition\Struct\StringHash">
      <UniqueIdentifier>{b1e9ebd5-16c1-40cb-aa4d-0afd400e7fe1}</UniqueIdentifier>
    </Filter>
    <Filter Include="Source\Framework\Graphics\Resource\Texture\Loader\Converter\Binary\Definition">
      <UniqueIdentifier>{a0637984-b7e9-4846-9492-cab2154aefa3}</UniqueIdentifier>
    </Filter>
    <Filter Include="Source\Framework\Graphics\Resource\Texture\Loader\Converter\Binary\Definition\Constant">
      <UniqueIdentifier>{3ee8127a-5f0b-45bd-9a10-6fd1d64197f5}</UniqueIdentifier>
    </Filter>
    <Filter Include="Source\Framework\TypeINFO\Definition\Utility">
      <UniqueIdentifier>{120469a2-f09f-405b-b508-4f0654eb05cc}</UniqueIdentifier>
    </Filter>
    <Filter Include="Source\Framework\Graphics\Resource\Texture\Loader\Definition">
      <UniqueIdentifier>{0fa03b3b-0def-4b88-9670-93a54a14e561}</UniqueIdentifier>
    </Filter>
    <Filter Include="Source\Framework\Graphics\Resource\Texture\Loader\Definition\Enum">
      <UniqueIdentifier>{84a60b0d-309b-45b1-9bd9-adee781cbc49}</UniqueIdentifier>
    </Filter>
    <Filter Include="Source\Framework\Scene">
      <UniqueIdentifier>{2b8094c8-9c6f-4866-9fc9-c9c80866ec38}</UniqueIdentifier>
    </Filter>
    <Filter Include="Source\Framework\Graphics\Resource\Descriptor\Definition">
      <UniqueIdentifier>{4d3ab3ea-dbf9-454e-a812-3e92ebebe922}</UniqueIdentifier>
    </Filter>
    <Filter Include="Source\Framework\Graphics\Resource\Descriptor\Definition\Type">
      <UniqueIdentifier>{11448cc4-6504-4fbc-aa7b-34204a7b48a8}</UniqueIdentifier>
    </Filter>
    <Filter Include="Source\Framework\Graphics\Resource\Descriptor\Definition\Type\Alias">
      <UniqueIdentifier>{08b29e4e-a279-45a4-bcec-6559fc2ec225}</UniqueIdentifier>
    </Filter>
    <Filter Include="Source\Framework\Graphics\Resource\Definition\Constant">
      <UniqueIdentifier>{ec2fcd54-4495-4adf-b085-37d67cc8d15f}</UniqueIdentifier>
    </Filter>
    <Filter Include="Source\Framework\Graphics\Resource\ReleaseContext">
      <UniqueIdentifier>{82c41d81-8406-49d3-9aac-5d0fad9adefc}</UniqueIdentifier>
    </Filter>
    <Filter Include="Source\Framework\Graphics\Resource\ReleaseContext\Definition">
      <UniqueIdentifier>{0a60249b-c67d-4a01-92d8-281859a8e0ed}</UniqueIdentifier>
    </Filter>
    <Filter Include="Source\Framework\Graphics\Resource\ReleaseContext\Definition\Struct">
      <UniqueIdentifier>{3729dcf6-253b-4ad3-91f5-4bc5e1e5fbd9}</UniqueIdentifier>
    </Filter>
    <Filter Include="Source\Framework\Graphics\Resource\ReleaseContext\Definition\Constant">
      <UniqueIdentifier>{be31a2aa-c46e-4904-b337-e686f079b0b1}</UniqueIdentifier>
    </Filter>
    <Filter Include="Source\Framework\Graphics\Resource\Upload">
      <UniqueIdentifier>{a36c349b-e75b-43a2-91ae-a86b6f0ab8ce}</UniqueIdentifier>
    </Filter>
    <Filter Include="Source\Framework\Graphics\Resource\Upload\Command">
      <UniqueIdentifier>{8999e6fe-cd9b-47e4-94c5-c26251b82308}</UniqueIdentifier>
    </Filter>
    <Filter Include="Source\Framework\Graphics\Resource\Upload\Command\Allocator">
      <UniqueIdentifier>{39acd6a6-c73a-494c-9ff3-4a0f99a75939}</UniqueIdentifier>
    </Filter>
    <Filter Include="Source\Framework\Graphics\Resource\Upload\Command\Allocator\Definition">
      <UniqueIdentifier>{b1f03871-b7f1-4393-9548-ad7b1956e1b7}</UniqueIdentifier>
    </Filter>
    <Filter Include="Source\Framework\Graphics\Resource\Upload\Command\Allocator\Definition\Constant">
      <UniqueIdentifier>{0d00df9b-6895-4fde-be0f-e7b92e324ce1}</UniqueIdentifier>
    </Filter>
    <Filter Include="Source\Framework\Graphics\Resource\Upload\Command\List">
      <UniqueIdentifier>{be2cbfea-f887-46f9-bb82-aa82a301df95}</UniqueIdentifier>
    </Filter>
    <Filter Include="Source\Framework\Graphics\Resource\Upload\Command\Queue">
      <UniqueIdentifier>{db842049-15fe-47ee-8c9f-22872e052b50}</UniqueIdentifier>
    </Filter>
    <Filter Include="Source\Framework\Graphics\Render\Frame\Command">
      <UniqueIdentifier>{69ed383f-1251-448b-b0d8-342cfd833b20}</UniqueIdentifier>
    </Filter>
    <Filter Include="Source\Framework\Graphics\Render\Frame\Command\Allocator">
      <UniqueIdentifier>{8db99445-c725-4684-a4bb-665e19683d8b}</UniqueIdentifier>
    </Filter>
    <Filter Include="Source\Framework\Graphics\Render\Frame\Command\Allocator\Definition">
      <UniqueIdentifier>{5f86c0c2-f8c3-4841-858a-3ef7e121a90e}</UniqueIdentifier>
    </Filter>
    <Filter Include="Source\Framework\Graphics\Render\Frame\Command\Allocator\Definition\Constant">
      <UniqueIdentifier>{57b92b24-1471-498f-9a96-87bababa47c0}</UniqueIdentifier>
    </Filter>
    <Filter Include="Source\Framework\Graphics\Resource\Upload\Converter">
      <UniqueIdentifier>{2c436a28-fdfa-41fa-8b73-ffae5819b3ce}</UniqueIdentifier>
    </Filter>
    <Filter Include="Source\Framework\Graphics\Resource\Upload\Converter\Json">
      <UniqueIdentifier>{5e7303c5-2ab4-4552-a49a-eafa7657166f}</UniqueIdentifier>
    </Filter>
    <Filter Include="Source\Framework\Graphics\Resource\Storage">
      <UniqueIdentifier>{0b95a1bc-aaf6-43d3-9660-b16182ae3a83}</UniqueIdentifier>
    </Filter>
    <Filter Include="Source\Framework\Graphics\Resource\Storage\Allocator">
      <UniqueIdentifier>{6af30e45-feaa-437b-9923-47e6a0341a49}</UniqueIdentifier>
    </Filter>
    <Filter Include="Source\Framework\Graphics\Resource\Storage\Allocator\Converter">
      <UniqueIdentifier>{c3504afa-553b-4f51-891f-def85748ee79}</UniqueIdentifier>
    </Filter>
    <Filter Include="Source\Framework\Graphics\Resource\Storage\Allocator\Converter\Json">
      <UniqueIdentifier>{3cf4a10f-8475-424f-a045-7b0e5887dda7}</UniqueIdentifier>
    </Filter>
    <Filter Include="Source\Framework\Graphics\Resource\Buffer">
      <UniqueIdentifier>{e250d46f-1052-47d6-bd20-98fe97822f4b}</UniqueIdentifier>
    </Filter>
    <Filter Include="Source\Framework\Graphics\Resource\Buffer\Definition">
      <UniqueIdentifier>{184beb6a-3554-4abf-96e9-d1091d646d38}</UniqueIdentifier>
    </Filter>
    <Filter Include="Source\Framework\Graphics\Resource\Buffer\Definition\Constant">
      <UniqueIdentifier>{7d1ab4e3-bfe4-4f10-b448-c25a7b69f6fa}</UniqueIdentifier>
    </Filter>
    <Filter Include="Source\Framework\Graphics\Resource\Texture\Builder">
      <UniqueIdentifier>{b7d4ebf8-60c1-4937-829b-73589d655c0b}</UniqueIdentifier>
    </Filter>
    <Filter Include="Source\Framework\Graphics\Resource\Texture\Builder\Definition">
      <UniqueIdentifier>{ef995a1f-2442-4a82-8976-b85ca563e3cf}</UniqueIdentifier>
    </Filter>
    <Filter Include="Source\Framework\Graphics\Resource\Texture\Builder\Definition\Struct">
      <UniqueIdentifier>{6ff4d5c7-5c6c-48ac-bc9a-674df7407384}</UniqueIdentifier>
    </Filter>
    <Filter Include="Source\Framework\Graphics\Resource\Record">
      <UniqueIdentifier>{40e40b5e-5a07-4cd0-bb4d-f5713f583a4e}</UniqueIdentifier>
    </Filter>
    <Filter Include="Source\Framework\Graphics\Resource\Record\Definition">
      <UniqueIdentifier>{f77aa271-5be7-40e9-8f02-391e04272196}</UniqueIdentifier>
    </Filter>
    <Filter Include="Source\Framework\Graphics\Resource\Record\Definition\Type">
      <UniqueIdentifier>{d3cadae9-4705-4e16-9010-608405460dee}</UniqueIdentifier>
    </Filter>
    <Filter Include="Source\Framework\Graphics\Resource\Record\Definition\Type\Alias">
      <UniqueIdentifier>{d83a002b-417e-4279-a43d-0d784fa2b8dc}</UniqueIdentifier>
    </Filter>
    <Filter Include="Source\Framework\Graphics\Resource\Record\Definition\Constant">
      <UniqueIdentifier>{062bce1b-ffa4-412d-9f53-df9722181fee}</UniqueIdentifier>
    </Filter>
    <Filter Include="Source\Framework\Graphics\Resource\Record\Definition\Concept">
      <UniqueIdentifier>{e8da98f5-4c75-458e-aff6-56e16f30c24b}</UniqueIdentifier>
    </Filter>
    <Filter Include="Source\Framework\Graphics\Resource\Record\Definition\Concept\IsDerivedBase">
      <UniqueIdentifier>{03dd95ed-f60b-4601-b763-603f33572a4b}</UniqueIdentifier>
    </Filter>
    <Filter Include="Source\Framework\Graphics\Resource\Texture\Record">
      <UniqueIdentifier>{b9e9deb4-3964-4a2d-ae2b-a3ad24c31d7d}</UniqueIdentifier>
    </Filter>
  </ItemGroup>
  <ItemGroup>
    <ClInclude Include="Source\PCH.h">
      <Filter>Source</Filter>
    </ClInclude>
    <ClInclude Include="Source\Application\Application.h">
      <Filter>Source\Application</Filter>
    </ClInclude>
    <ClInclude Include="Source\Framework\Framework.h">
      <Filter>Source\Framework</Filter>
    </ClInclude>
    <ClInclude Include="Source\Framework\Utility\Singleton\SingletonUtility.h">
      <Filter>Source\Framework\Utility\Singleton</Filter>
    </ClInclude>
    <ClInclude Include="Source\Framework\Window\Window.h">
      <Filter>Source\Framework\Window</Filter>
    </ClInclude>
    <ClInclude Include="Source\Framework\TypeINFO\StaticTypeID\StaticTypeIDGenerator.h">
      <Filter>Source\Framework\TypeINFO\StaticTypeID</Filter>
    </ClInclude>
    <ClInclude Include="Source\Framework\TypeINFO\Definition\Constant\TypeINFOConstant.h">
      <Filter>Source\Framework\TypeINFO\Definition\Constant</Filter>
    </ClInclude>
    <ClInclude Include="Source\Framework\TypeINFO\Definition\Struct\TypeINFOStruct.h">
      <Filter>Source\Framework\TypeINFO\Definition\Struct</Filter>
    </ClInclude>
    <ClInclude Include="Source\Framework\TypeINFO\Registry\TypeINFORegistry.h">
      <Filter>Source\Framework\TypeINFO\Registry</Filter>
    </ClInclude>
    <ClInclude Include="Source\Framework\TypeINFO\Definition\Macros\TypeINFOMacros.h">
      <Filter>Source\Framework\TypeINFO\Definition\Macros</Filter>
    </ClInclude>
    <ClInclude Include="Source\Framework\Window\Definition\Struct\WindowStruct.h">
      <Filter>Source\Framework\Window\Definition\Struct</Filter>
    </ClInclude>
    <ClInclude Include="Source\Framework\Window\Definition\Constant\WindowConstant.h">
      <Filter>Source\Framework\Window\Definition\Constant</Filter>
    </ClInclude>
    <ClInclude Include="Source\Framework\Utility\String\StringUtility.h">
      <Filter>Source\Framework\Utility\String</Filter>
    </ClInclude>
    <ClInclude Include="Source\Framework\Utility\String\Constant\StringUtilityConstant.h">
      <Filter>Source\Framework\Utility\String\Definition\Constant</Filter>
    </ClInclude>
    <ClInclude Include="Source\Framework\Utility\Json\JsonUtility.h">
      <Filter>Source\Framework\Utility\Json</Filter>
    </ClInclude>
    <ClInclude Include="Source\Framework\Utility\File\FileUtility.h">
      <Filter>Source\Framework\Utility\File</Filter>
    </ClInclude>
    <ClInclude Include="Source\Framework\Utility\File\Definition\Constant\FileUtilityConstant.h">
      <Filter>Source\Framework\Utility\File\Definition\Constant</Filter>
    </ClInclude>
    <ClInclude Include="Source\Framework\Window\Converter\Json\WindowJsonConverter.h">
      <Filter>Source\Framework\Window\Converter\Json</Filter>
    </ClInclude>
    <ClInclude Include="Source\Framework\TypeINFO\Definition\Type\Alias\TypeINFOTypeAlias.h">
      <Filter>Source\Framework\TypeINFO\Definition\Type\Alias</Filter>
    </ClInclude>
    <ClInclude Include="Source\Framework\FPS\FPSController.h">
      <Filter>Source\Framework\FPS</Filter>
    </ClInclude>
    <ClInclude Include="Source\Framework\FPS\Converter\Json\FPSControllerJsonConverter.h">
      <Filter>Source\Framework\FPS\Converter\Json</Filter>
    </ClInclude>
    <ClInclude Include="Source\Framework\Graphics\GraphicsManager.h">
      <Filter>Source\Framework\Graphics</Filter>
    </ClInclude>
    <ClInclude Include="Source\Framework\Graphics\Definition\Type\Alias\GraphicsManagerTypeAlias.h">
      <Filter>Source\Framework\Graphics\Definition\Type\Alias</Filter>
    </ClInclude>
    <ClInclude Include="Source\Framework\Graphics\Hardware\Device.h">
      <Filter>Source\Framework\Graphics\Hardware</Filter>
    </ClInclude>
    <ClInclude Include="Source\Framework\Graphics\Hardware\Factory.h">
      <Filter>Source\Framework\Graphics\Hardware</Filter>
    </ClInclude>
    <ClInclude Include="Source\Framework\Graphics\Resource\ResourceContext.h">
      <Filter>Source\Framework\Graphics\Resource</Filter>
    </ClInclude>
    <ClInclude Include="Source\Framework\Graphics\Resource\Descriptor\Heap\DescriptorHeap.h">
      <Filter>Source\Framework\Graphics\Resource\Descriptor\Heap</Filter>
    </ClInclude>
    <ClInclude Include="Source\Framework\Graphics\Resource\Descriptor\Heap\Definition\Constant\DescriptorHeapConstant.h">
      <Filter>Source\Framework\Graphics\Resource\Descriptor\Heap\Definition\Constant</Filter>
    </ClInclude>
    <ClInclude Include="Source\Framework\Graphics\Command\Allocator\CommandAllocatorBase.h">
      <Filter>Source\Framework\Graphics\Command\Allocator</Filter>
    </ClInclude>
    <ClInclude Include="Source\Framework\Graphics\Command\List\CommandListBase.h">
      <Filter>Source\Framework\Graphics\Command\List</Filter>
    </ClInclude>
    <ClInclude Include="Source\Framework\Graphics\Definition\Constant\GraphicsManagerConstant.h">
      <Filter>Source\Framework\Graphics\Definition\Constant</Filter>
    </ClInclude>
    <ClInclude Include="Source\Framework\Graphics\Command\Queue\CommandQueueBase.h">
      <Filter>Source\Framework\Graphics\Command\Queue</Filter>
    </ClInclude>
    <ClInclude Include="Source\Framework\Graphics\Command\Queue\Fence\Fence.h">
      <Filter>Source\Framework\Graphics\Command\Queue\Fence</Filter>
    </ClInclude>
    <ClInclude Include="Source\Framework\Graphics\Render\Renderer.h">
      <Filter>Source\Framework\Graphics\Render</Filter>
    </ClInclude>
    <ClInclude Include="Source\Framework\Graphics\Render\Frame\FrameResource.h">
      <Filter>Source\Framework\Graphics\Render\Frame</Filter>
    </ClInclude>
    <ClInclude Include="Source\Framework\Graphics\Converter\Json\GraphicsManagerJsonConverter.h">
      <Filter>Source\Framework\Graphics\Converter\Json</Filter>
    </ClInclude>
    <ClInclude Include="Source\Framework\Graphics\Render\Converter\Json\RendererJsonConverter.h">
      <Filter>Source\Framework\Graphics\Render\Converter\Json</Filter>
    </ClInclude>
    <ClInclude Include="Source\Framework\Graphics\Resource\Descriptor\Heap\Allocator\DescriptorHeapIndexAllocator.h">
      <Filter>Source\Framework\Graphics\Resource\Descriptor\Heap\Allocator</Filter>
    </ClInclude>
    <ClInclude Include="Source\Framework\Graphics\Resource\Descriptor\Heap\Allocator\Converter\Json\DescriptorHeapIndexAllocatorJsonConverter.h">
      <Filter>Source\Framework\Graphics\Resource\Descriptor\Heap\Allocator\Converter\Json</Filter>
    </ClInclude>
    <ClInclude Include="Source\Framework\Graphics\Resource\Descriptor\DescriptorPool.h">
      <Filter>Source\Framework\Graphics\Resource\Descriptor</Filter>
    </ClInclude>
    <ClInclude Include="Source\Framework\Graphics\Resource\Descriptor\Converter\Json\DescriptorPoolJsonConverter.h">
      <Filter>Source\Framework\Graphics\Resource\Descriptor\Converter\Json</Filter>
    </ClInclude>
    <ClInclude Include="Source\Framework\Graphics\Resource\Converter\Json\ResourceContextJsonConverter.h">
      <Filter>Source\Framework\Graphics\Resource\Converter\Json</Filter>
    </ClInclude>
    <ClInclude Include="Source\Framework\Graphics\Render\SwapChain\SwapChain.h">
      <Filter>Source\Framework\Graphics\Render\SwapChain</Filter>
    </ClInclude>
    <ClInclude Include="Source\Framework\Graphics\Render\SwapChain\Definition\Struct\SwapChainStruct.h">
      <Filter>Source\Framework\Graphics\Render\SwapChain\Definition\Struct</Filter>
    </ClInclude>
    <ClInclude Include="Source\Framework\Graphics\Render\SwapChain\Converter\Json\SwapChainJsonConverter.h">
      <Filter>Source\Framework\Graphics\Render\SwapChain\Converter\Json</Filter>
    </ClInclude>
    <ClInclude Include="Source\Framework\Graphics\Render\Graph\RenderGraph.h">
      <Filter>Source\Framework\Graphics\Render\Graph</Filter>
    </ClInclude>
    <ClInclude Include="Source\Framework\Definition\Type\Alias\TypeAlias.h">
      <Filter>Source\Framework\Definition\Type\Alias</Filter>
    </ClInclude>
    <ClInclude Include="Source\Framework\Definition\Macros\Assert\AssertReturnMacros.h">
      <Filter>Source\Framework\Definition\Macros\Assert</Filter>
    </ClInclude>
    <ClInclude Include="Source\Framework\Definition\Macros\Json\JsonSerializeEnumMacros.h">
      <Filter>Source\Framework\Definition\Macros\Json</Filter>
    </ClInclude>
    <ClInclude Include="Source\Framework\Window\Definition\Enum\WindowEnum.h">
      <Filter>Source\Framework\Window\Definition\Enum</Filter>
    </ClInclude>
    <ClInclude Include="Source\Framework\Definition\Enum\Type\Trait\PTR\TypeTraitPTREnum.h">
      <Filter>Source\Framework\Definition\Enum\Type\Trait\PTR</Filter>
    </ClInclude>
    <ClInclude Include="Source\Framework\Definition\Concept\IsDerivedBase\IsDerivedBaseConcept.h">
      <Filter>Source\Framework\Definition\Concept\IsDerivedBase</Filter>
    </ClInclude>
    <ClInclude Include="Source\Framework\Definition\Concept\IsSmartPTR\IsSmartPTRConcept.h">
      <Filter>Source\Framework\Definition\Concept\IsSmartPTR</Filter>
    </ClInclude>
    <ClInclude Include="Source\Framework\Definition\Type\Trait\PTR\TypeTraitPTR.h">
      <Filter>Source\Framework\Definition\Type\Trait\PTR</Filter>
    </ClInclude>
    <ClInclude Include="Source\Framework\Factory\GenericFactory.h">
      <Filter>Source\Framework\Factory</Filter>
    </ClInclude>
    <ClInclude Include="Source\Framework\Factory\Macros\FactoryMacros.h">
      <Filter>Source\Framework\Factory\Definition\Macros</Filter>
    </ClInclude>
    <ClInclude Include="Source\Framework\Graphics\Resource\Texture\TextureSystem.h">
      <Filter>Source\Framework\Graphics\Resource\Texture</Filter>
    </ClInclude>
    <ClInclude Include="Source\Framework\Graphics\Resource\Texture\Loader\TextureLoader.h">
      <Filter>Source\Framework\Graphics\Resource\Texture\Loader</Filter>
    </ClInclude>
    <ClInclude Include="Source\Framework\Definition\Constant\Constant.h">
      <Filter>Source\Framework\Definition\Constant</Filter>
    </ClInclude>
    <ClInclude Include="Source\Framework\Converter\Binary\BinaryFileConverterBase.h">
      <Filter>Source\Framework\Converter\Binary</Filter>
    </ClInclude>
    <ClInclude Include="Source\Framework\Graphics\Render\Command\List\DirectCommandList.h">
      <Filter>Source\Framework\Graphics\Render\Command\List</Filter>
    </ClInclude>
    <ClInclude Include="Source\Framework\Graphics\Render\Command\Queue\DirectCommandQueue.h">
      <Filter>Source\Framework\Graphics\Render\Command\Queue</Filter>
    </ClInclude>
    <ClInclude Include="Source\Framework\Graphics\Resource\Texture\Loader\Converter\Binary\TextureBinaryConverter.h">
      <Filter>Source\Framework\Graphics\Resource\Texture\Loader\Converter\Binary</Filter>
    </ClInclude>
    <ClInclude Include="Source\Framework\Definition\Struct\StringHash\StringHashStruct.h">
      <Filter>Source\Framework\Definition\Struct\StringHash</Filter>
    </ClInclude>
    <ClInclude Include="Source\Framework\Graphics\Resource\Texture\Loader\Converter\Binary\Definition\Constant\TextureBinaryConstant.h">
      <Filter>Source\Framework\Graphics\Resource\Texture\Loader\Converter\Binary\Definition\Constant</Filter>
    </ClInclude>
    <ClInclude Include="Source\Framework\TypeINFO\Utility\TypeINFOUtility.h">
      <Filter>Source\Framework\TypeINFO\Definition\Utility</Filter>
    </ClInclude>
    <ClInclude Include="Source\Framework\Graphics\Resource\Texture\Loader\Definition\Enum\TextureLoaderEnum.h">
      <Filter>Source\Framework\Graphics\Resource\Texture\Loader\Definition\Enum</Filter>
    </ClInclude>
    <ClInclude Include="Source\Framework\Scene\Scene.h">
      <Filter>Source\Framework\Scene</Filter>
    </ClInclude>
    <ClInclude Include="Source\Framework\Scene\SceneManager.h">
      <Filter>Source\Framework\Scene</Filter>
    </ClInclude>
    <ClInclude Include="Source\Framework\Graphics\Resource\Descriptor\Definition\Type\Alias\DescriptorPoolTypeAlias.h">
      <Filter>Source\Framework\Graphics\Resource\Descriptor\Definition\Type\Alias</Filter>
    </ClInclude>
    <ClInclude Include="Source\Framework\Graphics\Resource\Definition\Constant\ResourceContextConstant.h">
      <Filter>Source\Framework\Graphics\Resource\Definition\Constant</Filter>
    </ClInclude>
    <ClInclude Include="Source\Framework\Graphics\Resource\ReleaseContext\Definition\Struct\ResourceReleaseContextStruct.h">
      <Filter>Source\Framework\Graphics\Resource\ReleaseContext\Definition\Struct</Filter>
    </ClInclude>
    <ClInclude Include="Source\Framework\Graphics\Resource\ReleaseContext\ResourceReleaseContext.h">
      <Filter>Source\Framework\Graphics\Resource\ReleaseContext</Filter>
    </ClInclude>
    <ClInclude Include="Source\Framework\Graphics\Resource\ReleaseContext\Definition\Constant\ResourceReleaseContextConstant.h">
      <Filter>Source\Framework\Graphics\Resource\ReleaseContext\Definition\Constant</Filter>
    </ClInclude>
    <ClInclude Include="Source\Framework\Graphics\Resource\Upload\Command\Allocator\Definition\Constant\CopyCommandAllocatorConstant.h">
      <Filter>Source\Framework\Graphics\Resource\Upload\Command\Allocator\Definition\Constant</Filter>
    </ClInclude>
    <ClInclude Include="Source\Framework\Graphics\Resource\Upload\Command\Allocator\CopyCommandAllocator.h">
      <Filter>Source\Framework\Graphics\Resource\Upload\Command\Allocator</Filter>
    </ClInclude>
    <ClInclude Include="Source\Framework\Graphics\Resource\Upload\Command\List\CopyCommandList.h">
      <Filter>Source\Framework\Graphics\Resource\Upload\Command\List</Filter>
    </ClInclude>
    <ClInclude Include="Source\Framework\Graphics\Resource\Upload\Command\Queue\CopyCommandQueue.h">
      <Filter>Source\Framework\Graphics\Resource\Upload\Command\Queue</Filter>
    </ClInclude>
    <ClInclude Include="Source\Framework\Graphics\Render\Frame\Command\Allocator\Definition\Constant\DirectCommandAllocatorConstant.h">
      <Filter>Source\Framework\Graphics\Render\Frame\Command\Allocator\Definition\Constant</Filter>
    </ClInclude>
    <ClInclude Include="Source\Framework\Graphics\Render\Frame\Command\Allocator\DirectCommandAllocator.h">
      <Filter>Source\Framework\Graphics\Render\Frame\Command\Allocator</Filter>
    </ClInclude>
    <ClInclude Include="Source\Framework\Graphics\Resource\Upload\UploadSystem.h">
      <Filter>Source\Framework\Graphics\Resource\Upload</Filter>
    </ClInclude>
    <ClInclude Include="Source\Framework\Graphics\Resource\Upload\Converter\Json\UploadSystemJsonConverter.h">
      <Filter>Source\Framework\Graphics\Resource\Upload\Converter\Json</Filter>
    </ClInclude>
    <ClInclude Include="Source\Framework\Graphics\Resource\Storage\Allocator\StorageIDAllocator.h">
      <Filter>Source\Framework\Graphics\Resource\Storage\Allocator</Filter>
    </ClInclude>
    <ClInclude Include="Source\Framework\Graphics\Resource\Storage\Allocator\Converter\Json\StorageIDAllocatorJsonConverter.h">
      <Filter>Source\Framework\Graphics\Resource\Storage\Allocator\Converter\Json</Filter>
    </ClInclude>
    <ClInclude Include="Source\Framework\Graphics\Resource\Buffer\UploadBuffer.h">
      <Filter>Source\Framework\Graphics\Resource\Buffer</Filter>
    </ClInclude>
    <ClInclude Include="Source\Framework\Graphics\Resource\Buffer\Definition\Constant\UploadBufferConstant.h">
      <Filter>Source\Framework\Graphics\Resource\Buffer\Definition\Constant</Filter>
    </ClInclude>
    <ClInclude Include="Source\Framework\Graphics\Resource\Texture\Builder\Definition\Struct\TextureBatchUploadRecordBuilderStruct.h">
      <Filter>Source\Framework\Graphics\Resource\Texture\Builder\Definition\Struct</Filter>
    </ClInclude>
    <ClInclude Include="Source\Framework\Graphics\Resource\Record\AssetRecordBase.h">
      <Filter>Source\Framework\Graphics\Resource\Record</Filter>
    </ClInclude>
    <ClInclude Include="Source\Framework\Graphics\Resource\Record\Definition\Type\Alias\RecordBaseTypeAlias.h">
      <Filter>Source\Framework\Graphics\Resource\Record\Definition\Type\Alias</Filter>
    </ClInclude>
    <ClInclude Include="Source\Framework\Graphics\Resource\Record\Definition\Constant\RecordBaseConstant.h">
      <Filter>Source\Framework\Graphics\Resource\Record\Definition\Constant</Filter>
    </ClInclude>
    <ClInclude Include="Source\Framework\Graphics\Resource\Record\Definition\Concept\IsDerivedBase\IsDerivedAssetRecordBaseConcept.h">
      <Filter>Source\Framework\Graphics\Resource\Record\Definition\Concept\IsDerivedBase</Filter>
    </ClInclude>
    <ClInclude Include="Source\Framework\Graphics\Resource\Texture\Record\TextureRecord.h">
      <Filter>Source\Framework\Graphics\Resource\Texture\Record</Filter>
    </ClInclude>
    <ClInclude Include="Source\Framework\Graphics\Resource\Storage\AssetStorage.h">
      <Filter>Source\Framework\Graphics\Resource\Storage</Filter>
    </ClInclude>
  </ItemGroup>
  <ItemGroup>
    <ClCompile Include="Source\PCH.cpp">
      <Filter>Source</Filter>
    </ClCompile>
    <ClCompile Include="Source\Application\Application.cpp">
      <Filter>Source\Application</Filter>
    </ClCompile>
    <ClCompile Include="Source\Framework\Window\Window.cpp">
      <Filter>Source\Framework\Window</Filter>
    </ClCompile>
    <ClCompile Include="Source\Framework\TypeINFO\Registry\TypeINFORegistry.cpp">
      <Filter>Source\Framework\TypeINFO\Registry</Filter>
    </ClCompile>
    <ClCompile Include="Source\Framework\Window\Converter\Json\WindowJsonConverter.cpp">
      <Filter>Source\Framework\Window\Converter\Json</Filter>
    </ClCompile>
    <ClCompile Include="Source\Framework\FPS\FPSController.cpp">
      <Filter>Source\Framework\FPS</Filter>
    </ClCompile>
    <ClCompile Include="Source\Framework\FPS\Converter\Json\FPSControllerJsonConverter.cpp">
      <Filter>Source\Framework\FPS\Converter\Json</Filter>
    </ClCompile>
    <ClCompile Include="Source\Framework\Graphics\GraphicsManager.cpp">
      <Filter>Source\Framework\Graphics</Filter>
    </ClCompile>
    <ClCompile Include="Source\Framework\Graphics\Hardware\Device.cpp">
      <Filter>Source\Framework\Graphics\Hardware</Filter>
    </ClCompile>
    <ClCompile Include="Source\Framework\Graphics\Hardware\Factory.cpp">
      <Filter>Source\Framework\Graphics\Hardware</Filter>
    </ClCompile>
    <ClCompile Include="Source\Framework\Graphics\Resource\ResourceContext.cpp">
      <Filter>Source\Framework\Graphics\Resource</Filter>
    </ClCompile>
    <ClCompile Include="Source\Framework\Graphics\Resource\Descriptor\Heap\DescriptorHeap.cpp">
      <Filter>Source\Framework\Graphics\Resource\Descriptor\Heap</Filter>
    </ClCompile>
    <ClCompile Include="Source\Framework\Graphics\Command\Allocator\CommandAllocatorBase.cpp">
      <Filter>Source\Framework\Graphics\Command\Allocator</Filter>
    </ClCompile>
    <ClCompile Include="Source\Framework\Graphics\Command\List\CommandListBase.cpp">
      <Filter>Source\Framework\Graphics\Command\List</Filter>
    </ClCompile>
    <ClCompile Include="Source\Framework\Graphics\Command\Queue\CommandQueueBase.cpp">
      <Filter>Source\Framework\Graphics\Command\Queue</Filter>
    </ClCompile>
    <ClCompile Include="Source\Framework\Graphics\Command\Queue\Fence\Fence.cpp">
      <Filter>Source\Framework\Graphics\Command\Queue\Fence</Filter>
    </ClCompile>
    <ClCompile Include="Source\Framework\Graphics\Render\Renderer.cpp">
      <Filter>Source\Framework\Graphics\Render</Filter>
    </ClCompile>
    <ClCompile Include="Source\Framework\Graphics\Render\Frame\FrameResource.cpp">
      <Filter>Source\Framework\Graphics\Render\Frame</Filter>
    </ClCompile>
    <ClCompile Include="Source\Framework\Graphics\Converter\Json\GraphicsManagerJsonConverter.cpp">
      <Filter>Source\Framework\Graphics\Converter\Json</Filter>
    </ClCompile>
    <ClCompile Include="Source\Framework\Graphics\Render\Converter\Json\RendererJsonConverter.cpp">
      <Filter>Source\Framework\Graphics\Render\Converter\Json</Filter>
    </ClCompile>
    <ClCompile Include="Source\Framework\Graphics\Resource\Descriptor\Heap\Allocator\DescriptorHeapIndexAllocator.cpp">
      <Filter>Source\Framework\Graphics\Resource\Descriptor\Heap\Allocator</Filter>
    </ClCompile>
    <ClCompile Include="Source\Framework\Graphics\Resource\Descriptor\Heap\Allocator\Converter\Json\DescriptorHeapIndexAllocatorJsonConverter.cpp">
      <Filter>Source\Framework\Graphics\Resource\Descriptor\Heap\Allocator\Converter\Json</Filter>
    </ClCompile>
    <ClCompile Include="Source\Framework\Graphics\Resource\Converter\Json\ResourceContextJsonConverter.cpp">
      <Filter>Source\Framework\Graphics\Resource\Converter\Json</Filter>
    </ClCompile>
    <ClCompile Include="Source\Framework\Graphics\Render\SwapChain\SwapChain.cpp">
      <Filter>Source\Framework\Graphics\Render\SwapChain</Filter>
    </ClCompile>
    <ClCompile Include="Source\Framework\Graphics\Render\SwapChain\Converter\Json\SwapChainJsonConverter.cpp">
      <Filter>Source\Framework\Graphics\Render\SwapChain\Converter\Json</Filter>
    </ClCompile>
    <ClCompile Include="Source\Framework\Graphics\Render\Graph\RenderGraph.cpp">
      <Filter>Source\Framework\Graphics\Render\Graph</Filter>
    </ClCompile>
    <ClCompile Include="Source\Framework\Graphics\Resource\Texture\TextureSystem.cpp">
      <Filter>Source\Framework\Graphics\Resource\Texture</Filter>
    </ClCompile>
    <ClCompile Include="Source\Framework\Graphics\Resource\Texture\Loader\TextureLoader.cpp">
      <Filter>Source\Framework\Graphics\Resource\Texture\Loader</Filter>
    </ClCompile>
    <ClCompile Include="Source\Framework\Converter\Binary\BinaryFileConverterBase.cpp">
      <Filter>Source\Framework\Converter\Binary</Filter>
    </ClCompile>
    <ClCompile Include="Source\Framework\Graphics\Render\Command\List\DirectCommandList.cpp">
      <Filter>Source\Framework\Graphics\Render\Command\List</Filter>
    </ClCompile>
    <ClCompile Include="Source\Framework\Graphics\Render\Command\Queue\DirectCommandQueue.cpp">
      <Filter>Source\Framework\Graphics\Render\Command\Queue</Filter>
    </ClCompile>
    <ClCompile Include="Source\Framework\Graphics\Resource\Texture\Loader\Converter\Binary\TextureBinaryConverter.cpp">
      <Filter>Source\Framework\Graphics\Resource\Texture\Loader\Converter\Binary</Filter>
    </ClCompile>
    <ClCompile Include="Source\Framework\Scene\Scene.cpp">
      <Filter>Source\Framework\Scene</Filter>
    </ClCompile>
    <ClCompile Include="Source\Framework\Scene\SceneManager.cpp">
      <Filter>Source\Framework\Scene</Filter>
    </ClCompile>
    <ClCompile Include="Source\Framework\Graphics\Resource\ReleaseContext\ResourceReleaseContext.cpp">
      <Filter>Source\Framework\Graphics\Resource\ReleaseContext</Filter>
    </ClCompile>
    <ClCompile Include="Source\Framework\Graphics\Resource\Upload\Command\Allocator\CopyCommandAllocator.cpp">
      <Filter>Source\Framework\Graphics\Resource\Upload\Command\Allocator</Filter>
    </ClCompile>
    <ClCompile Include="Source\Framework\Graphics\Resource\Upload\Command\List\CopyCommandList.cpp">
      <Filter>Source\Framework\Graphics\Resource\Upload\Command\List</Filter>
    </ClCompile>
    <ClCompile Include="Source\Framework\Graphics\Resource\Upload\Command\Queue\CopyCommandQueue.cpp">
      <Filter>Source\Framework\Graphics\Resource\Upload\Command\Queue</Filter>
    </ClCompile>
    <ClCompile Include="Source\Framework\Graphics\Render\Frame\Command\Allocator\DirectCommandAllocator.cpp">
      <Filter>Source\Framework\Graphics\Render\Frame\Command\Allocator</Filter>
    </ClCompile>
    <ClCompile Include="Source\Framework\Graphics\Resource\Upload\UploadSystem.cpp">
      <Filter>Source\Framework\Graphics\Resource\Upload</Filter>
    </ClCompile>
    <ClCompile Include="Source\Framework\Graphics\Resource\Upload\Converter\Json\UploadSystemJsonConverter.cpp">
      <Filter>Source\Framework\Graphics\Resource\Upload\Converter\Json</Filter>
    </ClCompile>
    <ClCompile Include="Source\Framework\Graphics\Resource\Storage\Allocator\StorageIDAllocator.cpp">
      <Filter>Source\Framework\Graphics\Resource\Storage\Allocator</Filter>
    </ClCompile>
    <ClCompile Include="Source\Framework\Graphics\Resource\Storage\Allocator\Converter\Json\StorageIDAllocatorJsonConverter.cpp">
      <Filter>Source\Framework\Graphics\Resource\Storage\Allocator\Converter\Json</Filter>
    </ClCompile>
    <ClCompile Include="Source\Framework\Graphics\Resource\Buffer\UploadBuffer.cpp">
      <Filter>Source\Framework\Graphics\Resource\Buffer</Filter>
    </ClCompile>
    <ClCompile Include="Source\Framework\Graphics\Resource\Record\AssetRecordBase.cpp">
      <Filter>Source\Framework\Graphics\Resource\Record</Filter>
    </ClCompile>
    <ClCompile Include="Source\Framework\Graphics\Resource\Texture\Record\TextureRecord.cpp">
      <Filter>Source\Framework\Graphics\Resource\Texture\Record</Filter>
    </ClCompile>
  </ItemGroup>
  <ItemGroup>
    <Text Include="Documents\CodingConventions.txt">
      <Filter>Dosuments</Filter>
    </Text>
  </ItemGroup>
  <ItemGroup>
    <None Include="Asset\Data\CONFIG\Window\WindowCONFIG.json">
      <Filter>Asset\Data\CONFIG\Window</Filter>
    </None>
    <None Include="Asset\Data\CONFIG\FPS\FPSCONFIG.json">
      <Filter>Asset\Data\CONFIG\FPS</Filter>
    </None>
    <None Include="Asset\Data\CONFIG\Graphics\GraphicsCONFIG.json">
      <Filter>Asset\Data\CONFIG\Graphics</Filter>
    </None>
  </ItemGroup>
</Project>