<?xml version="1.0" encoding="utf-8"?>
<Project ToolsVersion="4.0" xmlns="http://schemas.microsoft.com/developer/msbuild/2003">
  <ItemGroup>
    <Filter Include="Source">
      <UniqueIdentifier>{d9e0643d-0144-41d0-9a90-8fadd99411c7}</UniqueIdentifier>
    </Filter>
    <Filter Include="Source\Application">
      <UniqueIdentifier>{2c5a23d4-b34d-4453-ae7b-4cc7d7197bf8}</UniqueIdentifier>
    </Filter>
    <Filter Include="Source\Framework">
      <UniqueIdentifier>{642edde5-5a2b-4090-aba3-432e9bbb6179}</UniqueIdentifier>
    </Filter>
    <Filter Include="Source\Framework\Utility">
      <UniqueIdentifier>{adc4db7f-008a-41a6-bba1-a330971bab10}</UniqueIdentifier>
    </Filter>
    <Filter Include="Source\Framework\Utility\Singleton">
      <UniqueIdentifier>{8a209c0a-d592-4cc1-a83a-3841a0b343e6}</UniqueIdentifier>
    </Filter>
    <Filter Include="Dosuments">
      <UniqueIdentifier>{26a88736-694e-4bb9-821b-75ed16843981}</UniqueIdentifier>
    </Filter>
    <Filter Include="Source\Framework\Window">
      <UniqueIdentifier>{0e0dd845-13ee-4da9-aa88-52183b1c7e7d}</UniqueIdentifier>
    </Filter>
    <Filter Include="Source\Framework\TypeINFO">
      <UniqueIdentifier>{3d2745cc-4d7e-44ce-9046-4937c00977f4}</UniqueIdentifier>
    </Filter>
    <Filter Include="Source\Framework\TypeINFO\StaticTypeID">
      <UniqueIdentifier>{2988603d-13b3-4019-8ab6-9134a66babe4}</UniqueIdentifier>
    </Filter>
    <Filter Include="Source\Framework\Definition">
      <UniqueIdentifier>{32051aa8-1614-4369-ab89-2da6004d95cc}</UniqueIdentifier>
    </Filter>
    <Filter Include="Source\Framework\Definition\Macros">
      <UniqueIdentifier>{ca97f1c7-6d4f-418a-a41d-18375048434f}</UniqueIdentifier>
    </Filter>
    <Filter Include="Source\Framework\TypeINFO\Definition">
      <UniqueIdentifier>{5e945844-edeb-489c-8789-40cc5a819631}</UniqueIdentifier>
    </Filter>
    <Filter Include="Source\Framework\TypeINFO\Definition\Constant">
      <UniqueIdentifier>{7a68b3e4-b2d5-47bc-ada2-9e6a66ea3955}</UniqueIdentifier>
    </Filter>
    <Filter Include="Source\Framework\TypeINFO\Definition\Type">
      <UniqueIdentifier>{4bf0c0be-df32-4101-aa3b-c4eb0b6c2ec6}</UniqueIdentifier>
    </Filter>
    <Filter Include="Source\Framework\TypeINFO\Definition\Struct">
      <UniqueIdentifier>{3a2b6181-6b4a-4f04-bff2-af485dcb54dd}</UniqueIdentifier>
    </Filter>
    <Filter Include="Source\Framework\TypeINFO\Registry">
      <UniqueIdentifier>{02620fa5-941a-4dc6-bb35-00128b908027}</UniqueIdentifier>
    </Filter>
    <Filter Include="Source\Framework\Definition\Struct">
      <UniqueIdentifier>{23b5f760-7689-45d8-b2de-0fb0bdde4db8}</UniqueIdentifier>
    </Filter>
    <Filter Include="Source\Framework\Definition\Struct\StringHash">
      <UniqueIdentifier>{1baec54a-f67a-4695-802f-b869574c9f3d}</UniqueIdentifier>
    </Filter>
    <Filter Include="Source\Framework\TypeINFO\Definition\Macros">
      <UniqueIdentifier>{7562f8c2-dd4d-4d77-bc99-63ecca56053f}</UniqueIdentifier>
    </Filter>
    <Filter Include="Source\Framework\TypeINFO\Definition\Tag">
      <UniqueIdentifier>{ffec3ea1-189f-4fa5-bbdd-5c5bac7c066c}</UniqueIdentifier>
    </Filter>
    <Filter Include="Source\Framework\Window\Definition">
      <UniqueIdentifier>{535f365e-6f68-4d07-8fcf-b844cbbacbb8}</UniqueIdentifier>
    </Filter>
    <Filter Include="Source\Framework\Window\Definition\Tag">
      <UniqueIdentifier>{1e916c8b-173f-41ef-8201-1ad8bbe3c479}</UniqueIdentifier>
    </Filter>
    <Filter Include="Source\Framework\TypeINFO\Definition\Tag\Type">
      <UniqueIdentifier>{6d488d1c-a6c8-487b-90cf-c1c83d9f8a98}</UniqueIdentifier>
    </Filter>
    <Filter Include="Source\Framework\Window\Definition\Struct">
      <UniqueIdentifier>{7868d4e2-320f-49eb-aac9-c8ab578be29b}</UniqueIdentifier>
    </Filter>
    <Filter Include="Source\Framework\Window\Definition\Constant">
      <UniqueIdentifier>{2f1aa13f-6c65-4602-8ab2-6b0b9d54a7fe}</UniqueIdentifier>
    </Filter>
    <Filter Include="Source\Framework\Utility\String">
      <UniqueIdentifier>{9c5655da-ab0e-4def-a416-d5c5c0e1400d}</UniqueIdentifier>
    </Filter>
    <Filter Include="Source\Framework\Utility\String\Definition">
      <UniqueIdentifier>{7a74e7eb-1839-48cb-a912-f1816a0c5c22}</UniqueIdentifier>
    </Filter>
    <Filter Include="Source\Framework\Utility\String\Definition\Constant">
      <UniqueIdentifier>{1f778f08-f08a-47b0-9238-c1648cd0bc5c}</UniqueIdentifier>
    </Filter>
    <Filter Include="Source\Framework\TypeINFO\Definition\Tag\Utility">
      <UniqueIdentifier>{91fdf609-4299-41e7-8414-1cfa71273a74}</UniqueIdentifier>
    </Filter>
    <Filter Include="Source\Framework\TypeINFO\Definition\Tag\Concept">
      <UniqueIdentifier>{eac21907-8ba3-4728-94bd-1564f3bbbbdd}</UniqueIdentifier>
    </Filter>
    <Filter Include="Source\Framework\Definition\Concept">
      <UniqueIdentifier>{719847fc-4732-4a83-909d-7d1d8850c4c5}</UniqueIdentifier>
    </Filter>
    <Filter Include="Source\Framework\Window\Converter">
      <UniqueIdentifier>{bafa8b3c-5e41-408b-af2a-3fd530cc19aa}</UniqueIdentifier>
    </Filter>
    <Filter Include="Source\Framework\Window\Converter\Json">
      <UniqueIdentifier>{d51764b8-2378-4633-9a2c-367dbd814672}</UniqueIdentifier>
    </Filter>
    <Filter Include="Source\Framework\Utility\Json">
      <UniqueIdentifier>{e54deec9-c939-416e-b77b-e6579b28148a}</UniqueIdentifier>
    </Filter>
    <Filter Include="Source\Framework\Utility\File">
      <UniqueIdentifier>{b825293d-1bd3-4c0d-9166-e4734a992335}</UniqueIdentifier>
    </Filter>
    <Filter Include="Source\Framework\Utility\File\Definition">
      <UniqueIdentifier>{e56308b9-1b88-48c2-a10f-b4e5d31c536d}</UniqueIdentifier>
    </Filter>
    <Filter Include="Source\Framework\Utility\File\Definition\Constant">
      <UniqueIdentifier>{32952e7e-a3b1-4f73-ab9d-3990d4ab54dd}</UniqueIdentifier>
    </Filter>
    <Filter Include="Asset">
      <UniqueIdentifier>{bb277239-a5ec-498d-94e8-e04cbe3527da}</UniqueIdentifier>
    </Filter>
    <Filter Include="Asset\Data">
      <UniqueIdentifier>{4c832376-7c87-4143-9ae3-ccde73b9e848}</UniqueIdentifier>
    </Filter>
    <Filter Include="Asset\Data\CONFIG">
      <UniqueIdentifier>{beb37171-8f90-4dc3-afbe-5bb3e544476c}</UniqueIdentifier>
    </Filter>
    <Filter Include="Asset\Data\CONFIG\Window">
      <UniqueIdentifier>{4c4df80a-747f-4282-8cbb-3c6b36c1bf8a}</UniqueIdentifier>
    </Filter>
    <Filter Include="Source\Framework\TypeINFO\Definition\Type\Alias">
      <UniqueIdentifier>{623c78fc-df27-4159-a9ae-3efab7351365}</UniqueIdentifier>
    </Filter>
    <Filter Include="Source\Framework\TypeINFO\Definition\Tag\Type\Alias">
      <UniqueIdentifier>{eda1ca5f-f37b-447b-aab9-d7e555f90dd9}</UniqueIdentifier>
    </Filter>
    <Filter Include="Source\Framework\FPS">
      <UniqueIdentifier>{be086221-6464-4dda-9b85-9366046ac573}</UniqueIdentifier>
    </Filter>
    <Filter Include="Source\Framework\FPS\Converter">
      <UniqueIdentifier>{4297238c-ecc9-4c61-9ae9-50e1e97386f5}</UniqueIdentifier>
    </Filter>
    <Filter Include="Source\Framework\FPS\Converter\Json">
      <UniqueIdentifier>{a2d55ca2-d99a-4928-a0ab-59d0c22947b7}</UniqueIdentifier>
    </Filter>
    <Filter Include="Asset\Data\CONFIG\FPS">
      <UniqueIdentifier>{dd960a41-4700-475b-84c2-da5295a5e977}</UniqueIdentifier>
    </Filter>
    <Filter Include="Source\Framework\Graphics">
      <UniqueIdentifier>{08958517-a60f-4f12-a6da-0da0e7d396dc}</UniqueIdentifier>
    </Filter>
    <Filter Include="Source\Framework\Graphics\Definition">
      <UniqueIdentifier>{6d04e9c4-3134-4771-8697-0a80a579186c}</UniqueIdentifier>
    </Filter>
    <Filter Include="Source\Framework\Graphics\Definition\Type">
      <UniqueIdentifier>{93d2d352-75d7-447f-b895-20967438d3e1}</UniqueIdentifier>
    </Filter>
    <Filter Include="Source\Framework\Graphics\Definition\Type\Alias">
      <UniqueIdentifier>{2efd8b22-a34e-40d6-a8ec-43b8e6fc638e}</UniqueIdentifier>
    </Filter>
  </ItemGroup>
  <ItemGroup>
    <ClInclude Include="Source\PCH.h">
      <Filter>Source</Filter>
    </ClInclude>
    <ClInclude Include="Source\Application\Application.h">
      <Filter>Source\Application</Filter>
    </ClInclude>
    <ClInclude Include="Source\Framework\Framework.h">
      <Filter>Source\Framework</Filter>
    </ClInclude>
    <ClInclude Include="Source\Framework\Utility\Singleton\SingletonUtility.h">
      <Filter>Source\Framework\Utility\Singleton</Filter>
    </ClInclude>
    <ClInclude Include="Source\Framework\Window\Window.h">
      <Filter>Source\Framework\Window</Filter>
    </ClInclude>
    <ClInclude Include="Source\Framework\TypeINFO\StaticTypeID\StaticTypeIDGenerator.h">
      <Filter>Source\Framework\TypeINFO\StaticTypeID</Filter>
    </ClInclude>
    <ClInclude Include="Source\Framework\Definition\Macros\AssertReturnMacros.h">
      <Filter>Source\Framework\Definition\Macros</Filter>
    </ClInclude>
    <ClInclude Include="Source\Framework\TypeINFO\Definition\Constant\TypeINFOConstant.h">
      <Filter>Source\Framework\TypeINFO\Definition\Constant</Filter>
    </ClInclude>
    <ClInclude Include="Source\Framework\TypeINFO\Definition\Struct\TypeINFOStruct.h">
      <Filter>Source\Framework\TypeINFO\Definition\Struct</Filter>
    </ClInclude>
    <ClInclude Include="Source\Framework\TypeINFO\Registry\TypeINFORegistry.h">
      <Filter>Source\Framework\TypeINFO\Registry</Filter>
    </ClInclude>
    <ClInclude Include="Source\Framework\Definition\Struct\StringHash\StringHashStruct.h">
      <Filter>Source\Framework\Definition\Struct\StringHash</Filter>
    </ClInclude>
    <ClInclude Include="Source\Framework\TypeINFO\Definition\Tag\TagBase.h">
      <Filter>Source\Framework\TypeINFO\Definition\Tag</Filter>
    </ClInclude>
    <ClInclude Include="Source\Framework\TypeINFO\Definition\Macros\TypeINFOMacros.h">
      <Filter>Source\Framework\TypeINFO\Definition\Macros</Filter>
    </ClInclude>
    <ClInclude Include="Source\Framework\TypeINFO\Definition\Macros\TypeInfoTagMacros.h">
      <Filter>Source\Framework\TypeINFO\Definition\Macros</Filter>
    </ClInclude>
    <ClInclude Include="Source\Framework\Window\Definition\Struct\WindowStruct.h">
      <Filter>Source\Framework\Window\Definition\Struct</Filter>
    </ClInclude>
    <ClInclude Include="Source\Framework\Window\Definition\Tag\WindowTag.h">
      <Filter>Source\Framework\Window\Definition\Tag</Filter>
    </ClInclude>
    <ClInclude Include="Source\Framework\Window\Definition\Constant\WindowConstant.h">
      <Filter>Source\Framework\Window\Definition\Constant</Filter>
    </ClInclude>
    <ClInclude Include="Source\Framework\Utility\String\StringUtility.h">
      <Filter>Source\Framework\Utility\String</Filter>
    </ClInclude>
    <ClInclude Include="Source\Framework\Utility\String\Constant\StringUtilityConstant.h">
      <Filter>Source\Framework\Utility\String\Definition\Constant</Filter>
    </ClInclude>
    <ClInclude Include="Source\Framework\TypeINFO\Definition\Tag\Utility\TagUtility.h">
      <Filter>Source\Framework\TypeINFO\Definition\Tag\Utility</Filter>
    </ClInclude>
    <ClInclude Include="Source\Framework\Definition\Concept\IsDerivedBase\IsDerivedBaseConcept.h">
      <Filter>Source\Framework\Definition\Concept</Filter>
    </ClInclude>
    <ClInclude Include="Source\Framework\TypeINFO\Definition\Tag\Concept\IsDerivedBase\IsDerivedTagBaseConcept.h">
      <Filter>Source\Framework\TypeINFO\Definition\Tag\Concept</Filter>
    </ClInclude>
    <ClInclude Include="Source\Framework\Utility\Json\JsonUtility.h">
      <Filter>Source\Framework\Utility\Json</Filter>
    </ClInclude>
    <ClInclude Include="Source\Framework\Utility\File\FileUtility.h">
      <Filter>Source\Framework\Utility\File</Filter>
    </ClInclude>
    <ClInclude Include="Source\Framework\Utility\File\Definition\Constant\FileUtilityConstant.h">
      <Filter>Source\Framework\Utility\File\Definition\Constant</Filter>
    </ClInclude>
    <ClInclude Include="Source\Framework\Window\Converter\Json\WindowJsonConverter.h">
      <Filter>Source\Framework\Window\Converter\Json</Filter>
    </ClInclude>
    <ClInclude Include="Source\Framework\TypeINFO\Definition\Type\Alias\TypeINFOTypeAlias.h">
      <Filter>Source\Framework\TypeINFO\Definition\Type\Alias</Filter>
    </ClInclude>
    <ClInclude Include="Source\Framework\TypeINFO\Definition\Tag\Type\Alias\TagTypeAlias.h">
      <Filter>Source\Framework\TypeINFO\Definition\Tag\Type\Alias</Filter>
    </ClInclude>
    <ClInclude Include="Source\Framework\FPS\FPSController.h">
      <Filter>Source\Framework\FPS</Filter>
    </ClInclude>
    <ClInclude Include="Source\Framework\FPS\Converter\Json\FPSControllerJsonConverter.h">
      <Filter>Source\Framework\FPS\Converter\Json</Filter>
    </ClInclude>
    <ClInclude Include="Source\Framework\Graphics\GraphicsManager.h">
      <Filter>Source\Framework\Graphics</Filter>
    </ClInclude>
    <ClInclude Include="Source\Framework\Graphics\Definition\Type\Alias\GraphicsManagerTypeAlias.h">
      <Filter>Source\Framework\Graphics\Definition\Type\Alias</Filter>
    </ClInclude>
  </ItemGroup>
  <ItemGroup>
    <ClCompile Include="Source\PCH.cpp">
      <Filter>Source</Filter>
    </ClCompile>
    <ClCompile Include="Source\Application\Application.cpp">
      <Filter>Source\Application</Filter>
    </ClCompile>
    <ClCompile Include="Source\Framework\Window\Window.cpp">
      <Filter>Source\Framework\Window</Filter>
    </ClCompile>
    <ClCompile Include="Source\Framework\TypeINFO\Registry\TypeINFORegistry.cpp">
      <Filter>Source\Framework\TypeINFO\Registry</Filter>
    </ClCompile>
    <ClCompile Include="Source\Framework\Window\Converter\Json\WindowJsonConverter.cpp">
      <Filter>Source\Framework\Window\Converter\Json</Filter>
    </ClCompile>
    <ClCompile Include="Source\Framework\FPS\FPSController.cpp">
      <Filter>Source\Framework\FPS</Filter>
    </ClCompile>
    <ClCompile Include="Source\Framework\FPS\Converter\Json\FPSControllerJsonConverter.cpp">
      <Filter>Source\Framework\FPS\Converter\Json</Filter>
    </ClCompile>
    <ClCompile Include="Source\Framework\Graphics\GraphicsManager.cpp">
      <Filter>Source\Framework\Graphics</Filter>
    </ClCompile>
  </ItemGroup>
  <ItemGroup>
    <Text Include="Documents\CodingConventions.txt">
      <Filter>Dosuments</Filter>
    </Text>
  </ItemGroup>
  <ItemGroup>
    <None Include="Asset\Data\CONFIG\Window\WindowCONFIG.json">
      <Filter>Asset\Data\CONFIG\Window</Filter>
    </None>
    <None Include="Asset\Data\CONFIG\FPS\FPSCONFIG.json">
      <Filter>Asset\Data\CONFIG\FPS</Filter>
    </None>
  </ItemGroup>
</Project>